
Microsoft Visual Studio Solution File, Format Version 12.00
# Visual Studio 14
VisualStudioVersion = 14.0.25420.1
MinimumVisualStudioVersion = 10.0.40219.1
Project("{FAE04EC0-301F-11D3-BF4B-00C04F79EFBC}") = "Noise_and_Filter", "Noise_and_Filter\Noise_and_Filter.csproj", "{BB9AD8CA-14ED-49D8-B35A-20D68F4373A4}"
EndProject
Global
	GlobalSection(SolutionConfigurationPlatforms) = preSolution
		Debug|Any CPU = Debug|Any CPU
		Release|Any CPU = Release|Any CPU
	EndGlobalSection
	GlobalSection(ProjectConfigurationPlatforms) = postSolution
		{BB9AD8CA-14ED-49D8-B35A-20D68F4373A4}.Debug|Any CPU.ActiveCfg = Debug|Any CPU
		{BB9AD8CA-14ED-49D8-B35A-20D68F4373A4}.Debug|Any CPU.Build.0 = Debug|Any CPU
		{BB9AD8CA-14ED-49D8-B35A-20D68F4373A4}.Release|Any CPU.ActiveCfg = Release|Any CPU
		{BB9AD8CA-14ED-49D8-B35A-20D68F4373A4}.Release|Any CPU.Build.0 = Release|Any CPU
	EndGlobalSection
	GlobalSection(SolutionProperties) = preSolution
		HideSolutionNode = FALSE
	EndGlobalSection
EndGlobal
